// !$*UTF8*$!
{
	archiveVersion = 1;
	classes = {
	};
	objectVersion = 56;
	objects = {

/* Begin PBXBuildFile section */
		49F475257A5B2BCAA64227A3 /* Pods_hacking.framework in Frameworks */ = {isa = PBXBuildFile; fileRef = 9E8E50A63F0DECC92CD877A5 /* Pods_hacking.framework */; };
		6168B4FB2A404501006E29A7 /* FlowStacks in Frameworks */ = {isa = PBXBuildFile; productRef = 6168B4FA2A404501006E29A7 /* FlowStacks */; };
		616BB56A2A3CA0F80013807F /* SwiftUINavigation in Frameworks */ = {isa = PBXBuildFile; productRef = 616BB5692A3CA0F80013807F /* SwiftUINavigation */; };
		616BB56C2A3CA0F80013807F /* _SwiftUINavigationState in Frameworks */ = {isa = PBXBuildFile; productRef = 616BB56B2A3CA0F80013807F /* _SwiftUINavigationState */; };
		618199942A33E65800A42924 /* hackingApp.swift in Sources */ = {isa = PBXBuildFile; fileRef = 618199932A33E65800A42924 /* hackingApp.swift */; };
		618199962A33E65800A42924 /* ContentView.swift in Sources */ = {isa = PBXBuildFile; fileRef = 618199952A33E65800A42924 /* ContentView.swift */; };
		618199982A33E65B00A42924 /* Assets.xcassets in Resources */ = {isa = PBXBuildFile; fileRef = 618199972A33E65B00A42924 /* Assets.xcassets */; };
		6181999B2A33E65B00A42924 /* Preview Assets.xcassets in Resources */ = {isa = PBXBuildFile; fileRef = 6181999A2A33E65B00A42924 /* Preview Assets.xcassets */; };
		618199A52A33E65C00A42924 /* hackingTests.swift in Sources */ = {isa = PBXBuildFile; fileRef = 618199A42A33E65C00A42924 /* hackingTests.swift */; };
		618199AF2A33E65C00A42924 /* hackingUITests.swift in Sources */ = {isa = PBXBuildFile; fileRef = 618199AE2A33E65C00A42924 /* hackingUITests.swift */; };
		618199B12A33E65C00A42924 /* hackingUITestsLaunchTests.swift in Sources */ = {isa = PBXBuildFile; fileRef = 618199B02A33E65C00A42924 /* hackingUITestsLaunchTests.swift */; };
		61C1221E2A44BB7B008AA02C /* HomeView.swift in Sources */ = {isa = PBXBuildFile; fileRef = 61C1221D2A44BB7B008AA02C /* HomeView.swift */; };
		61C122202A44BBA7008AA02C /* NumberListView.swift in Sources */ = {isa = PBXBuildFile; fileRef = 61C1221F2A44BBA7008AA02C /* NumberListView.swift */; };
		61C122222A44BBD0008AA02C /* NumberDetailView.swift in Sources */ = {isa = PBXBuildFile; fileRef = 61C122212A44BBD0008AA02C /* NumberDetailView.swift */; };
		61C122242A44BC1E008AA02C /* HomeViewModel.swift in Sources */ = {isa = PBXBuildFile; fileRef = 61C122232A44BC1E008AA02C /* HomeViewModel.swift */; };
		61C122262A44BC36008AA02C /* NumberListViewModel.swift in Sources */ = {isa = PBXBuildFile; fileRef = 61C122252A44BC36008AA02C /* NumberListViewModel.swift */; };
		61C122282A44BC48008AA02C /* NumberDetailViewModel.swift in Sources */ = {isa = PBXBuildFile; fileRef = 61C122272A44BC48008AA02C /* NumberDetailViewModel.swift */; };
		61C1222A2A44BC71008AA02C /* ContactsHelpCoordinator.swift in Sources */ = {isa = PBXBuildFile; fileRef = 61C122292A44BC71008AA02C /* ContactsHelpCoordinator.swift */; };
		61F94D192A4F0B06008D51FC /* ContactsHelpCoordinatorViewModel.swift in Sources */ = {isa = PBXBuildFile; fileRef = 61F94D182A4F0B06008D51FC /* ContactsHelpCoordinatorViewModel.swift */; };
/* End PBXBuildFile section */

/* Begin PBXContainerItemProxy section */
		618199A12A33E65C00A42924 /* PBXContainerItemProxy */ = {
			isa = PBXContainerItemProxy;
			containerPortal = 618199882A33E65800A42924 /* Project object */;
			proxyType = 1;
			remoteGlobalIDString = 6181998F2A33E65800A42924;
			remoteInfo = hacking;
		};
		618199AB2A33E65C00A42924 /* PBXContainerItemProxy */ = {
			isa = PBXContainerItemProxy;
			containerPortal = 618199882A33E65800A42924 /* Project object */;
			proxyType = 1;
			remoteGlobalIDString = 6181998F2A33E65800A42924;
			remoteInfo = hacking;
		};
/* End PBXContainerItemProxy section */

/* Begin PBXFileReference section */
		47799DBB9D0F14B38337C080 /* Pods-hacking.release.xcconfig */ = {isa = PBXFileReference; includeInIndex = 1; lastKnownFileType = text.xcconfig; name = "Pods-hacking.release.xcconfig"; path = "Target Support Files/Pods-hacking/Pods-hacking.release.xcconfig"; sourceTree = "<group>"; };
		618199902A33E65800A42924 /* hacking.app */ = {isa = PBXFileReference; explicitFileType = wrapper.application; includeInIndex = 0; path = hacking.app; sourceTree = BUILT_PRODUCTS_DIR; };
		618199932A33E65800A42924 /* hackingApp.swift */ = {isa = PBXFileReference; lastKnownFileType = sourcecode.swift; path = hackingApp.swift; sourceTree = "<group>"; };
		618199952A33E65800A42924 /* ContentView.swift */ = {isa = PBXFileReference; lastKnownFileType = sourcecode.swift; path = ContentView.swift; sourceTree = "<group>"; };
		618199972A33E65B00A42924 /* Assets.xcassets */ = {isa = PBXFileReference; lastKnownFileType = folder.assetcatalog; path = Assets.xcassets; sourceTree = "<group>"; };
		6181999A2A33E65B00A42924 /* Preview Assets.xcassets */ = {isa = PBXFileReference; lastKnownFileType = folder.assetcatalog; path = "Preview Assets.xcassets"; sourceTree = "<group>"; };
		618199A02A33E65C00A42924 /* hackingTests.xctest */ = {isa = PBXFileReference; explicitFileType = wrapper.cfbundle; includeInIndex = 0; path = hackingTests.xctest; sourceTree = BUILT_PRODUCTS_DIR; };
		618199A42A33E65C00A42924 /* hackingTests.swift */ = {isa = PBXFileReference; lastKnownFileType = sourcecode.swift; path = hackingTests.swift; sourceTree = "<group>"; };
		618199AA2A33E65C00A42924 /* hackingUITests.xctest */ = {isa = PBXFileReference; explicitFileType = wrapper.cfbundle; includeInIndex = 0; path = hackingUITests.xctest; sourceTree = BUILT_PRODUCTS_DIR; };
		618199AE2A33E65C00A42924 /* hackingUITests.swift */ = {isa = PBXFileReference; lastKnownFileType = sourcecode.swift; path = hackingUITests.swift; sourceTree = "<group>"; };
		618199B02A33E65C00A42924 /* hackingUITestsLaunchTests.swift */ = {isa = PBXFileReference; lastKnownFileType = sourcecode.swift; path = hackingUITestsLaunchTests.swift; sourceTree = "<group>"; };
		61C1221D2A44BB7B008AA02C /* HomeView.swift */ = {isa = PBXFileReference; lastKnownFileType = sourcecode.swift; path = HomeView.swift; sourceTree = "<group>"; };
		61C1221F2A44BBA7008AA02C /* NumberListView.swift */ = {isa = PBXFileReference; lastKnownFileType = sourcecode.swift; path = NumberListView.swift; sourceTree = "<group>"; };
		61C122212A44BBD0008AA02C /* NumberDetailView.swift */ = {isa = PBXFileReference; lastKnownFileType = sourcecode.swift; path = NumberDetailView.swift; sourceTree = "<group>"; };
		61C122232A44BC1E008AA02C /* HomeViewModel.swift */ = {isa = PBXFileReference; lastKnownFileType = sourcecode.swift; path = HomeViewModel.swift; sourceTree = "<group>"; };
		61C122252A44BC36008AA02C /* NumberListViewModel.swift */ = {isa = PBXFileReference; lastKnownFileType = sourcecode.swift; path = NumberListViewModel.swift; sourceTree = "<group>"; };
		61C122272A44BC48008AA02C /* NumberDetailViewModel.swift */ = {isa = PBXFileReference; lastKnownFileType = sourcecode.swift; path = NumberDetailViewModel.swift; sourceTree = "<group>"; };
		61C122292A44BC71008AA02C /* ContactsHelpCoordinator.swift */ = {isa = PBXFileReference; lastKnownFileType = sourcecode.swift; path = ContactsHelpCoordinator.swift; sourceTree = "<group>"; };
		61F94D182A4F0B06008D51FC /* ContactsHelpCoordinatorViewModel.swift */ = {isa = PBXFileReference; lastKnownFileType = sourcecode.swift; path = ContactsHelpCoordinatorViewModel.swift; sourceTree = "<group>"; };
		9E8E50A63F0DECC92CD877A5 /* Pods_hacking.framework */ = {isa = PBXFileReference; explicitFileType = wrapper.framework; includeInIndex = 0; path = Pods_hacking.framework; sourceTree = BUILT_PRODUCTS_DIR; };
		B5F8211393083FB5EFA86FBD /* Pods-hacking.debug.xcconfig */ = {isa = PBXFileReference; includeInIndex = 1; lastKnownFileType = text.xcconfig; name = "Pods-hacking.debug.xcconfig"; path = "Target Support Files/Pods-hacking/Pods-hacking.debug.xcconfig"; sourceTree = "<group>"; };
/* End PBXFileReference section */

/* Begin PBXFrameworksBuildPhase section */
		6181998D2A33E65800A42924 /* Frameworks */ = {
			isa = PBXFrameworksBuildPhase;
			buildActionMask = 2147483647;
			files = (
				616BB56A2A3CA0F80013807F /* SwiftUINavigation in Frameworks */,
				616BB56C2A3CA0F80013807F /* _SwiftUINavigationState in Frameworks */,
				49F475257A5B2BCAA64227A3 /* Pods_hacking.framework in Frameworks */,
				6168B4FB2A404501006E29A7 /* FlowStacks in Frameworks */,
			);
			runOnlyForDeploymentPostprocessing = 0;
		};
		6181999D2A33E65C00A42924 /* Frameworks */ = {
			isa = PBXFrameworksBuildPhase;
			buildActionMask = 2147483647;
			files = (
			);
			runOnlyForDeploymentPostprocessing = 0;
		};
		618199A72A33E65C00A42924 /* Frameworks */ = {
			isa = PBXFrameworksBuildPhase;
			buildActionMask = 2147483647;
			files = (
			);
			runOnlyForDeploymentPostprocessing = 0;
		};
/* End PBXFrameworksBuildPhase section */

/* Begin PBXGroup section */
		618199872A33E65800A42924 = {
			isa = PBXGroup;
			children = (
				618199922A33E65800A42924 /* hacking */,
				618199A32A33E65C00A42924 /* hackingTests */,
				618199AD2A33E65C00A42924 /* hackingUITests */,
				618199912A33E65800A42924 /* Products */,
				BF4E70AB51F81634CD86EE63 /* Pods */,
				79A8C77E0A26CBB28171309F /* Frameworks */,
			);
			sourceTree = "<group>";
		};
		618199912A33E65800A42924 /* Products */ = {
			isa = PBXGroup;
			children = (
				618199902A33E65800A42924 /* hacking.app */,
				618199A02A33E65C00A42924 /* hackingTests.xctest */,
				618199AA2A33E65C00A42924 /* hackingUITests.xctest */,
			);
			name = Products;
			sourceTree = "<group>";
		};
		618199922A33E65800A42924 /* hacking */ = {
			isa = PBXGroup;
			children = (
				618199932A33E65800A42924 /* hackingApp.swift */,
				618199952A33E65800A42924 /* ContentView.swift */,
				61C1221D2A44BB7B008AA02C /* HomeView.swift */,
				61C122232A44BC1E008AA02C /* HomeViewModel.swift */,
				61C1221F2A44BBA7008AA02C /* NumberListView.swift */,
				61C122252A44BC36008AA02C /* NumberListViewModel.swift */,
				61C122212A44BBD0008AA02C /* NumberDetailView.swift */,
				61C122272A44BC48008AA02C /* NumberDetailViewModel.swift */,
				61C122292A44BC71008AA02C /* ContactsHelpCoordinator.swift */,
				61F94D182A4F0B06008D51FC /* ContactsHelpCoordinatorViewModel.swift */,
				618199972A33E65B00A42924 /* Assets.xcassets */,
				618199992A33E65B00A42924 /* Preview Content */,
			);
			path = hacking;
			sourceTree = "<group>";
		};
		618199992A33E65B00A42924 /* Preview Content */ = {
			isa = PBXGroup;
			children = (
				6181999A2A33E65B00A42924 /* Preview Assets.xcassets */,
			);
			path = "Preview Content";
			sourceTree = "<group>";
		};
		618199A32A33E65C00A42924 /* hackingTests */ = {
			isa = PBXGroup;
			children = (
				618199A42A33E65C00A42924 /* hackingTests.swift */,
			);
			path = hackingTests;
			sourceTree = "<group>";
		};
		618199AD2A33E65C00A42924 /* hackingUITests */ = {
			isa = PBXGroup;
			children = (
				618199AE2A33E65C00A42924 /* hackingUITests.swift */,
				618199B02A33E65C00A42924 /* hackingUITestsLaunchTests.swift */,
			);
			path = hackingUITests;
			sourceTree = "<group>";
		};
		79A8C77E0A26CBB28171309F /* Frameworks */ = {
			isa = PBXGroup;
			children = (
				9E8E50A63F0DECC92CD877A5 /* Pods_hacking.framework */,
			);
			name = Frameworks;
			sourceTree = "<group>";
		};
		BF4E70AB51F81634CD86EE63 /* Pods */ = {
			isa = PBXGroup;
			children = (
				B5F8211393083FB5EFA86FBD /* Pods-hacking.debug.xcconfig */,
				47799DBB9D0F14B38337C080 /* Pods-hacking.release.xcconfig */,
			);
			path = Pods;
			sourceTree = "<group>";
		};
/* End PBXGroup section */

/* Begin PBXNativeTarget section */
		6181998F2A33E65800A42924 /* hacking */ = {
			isa = PBXNativeTarget;
			buildConfigurationList = 618199B42A33E65C00A42924 /* Build configuration list for PBXNativeTarget "hacking" */;
			buildPhases = (
				065B88CF23A1991186DD9C2A /* [CP] Check Pods Manifest.lock */,
				6181998C2A33E65800A42924 /* Sources */,
				6181998D2A33E65800A42924 /* Frameworks */,
				6181998E2A33E65800A42924 /* Resources */,
				93E954F8CC1CF37449C9085A /* [CP] Embed Pods Frameworks */,
			);
			buildRules = (
			);
			dependencies = (
			);
			name = hacking;
			packageProductDependencies = (
				616BB5692A3CA0F80013807F /* SwiftUINavigation */,
				616BB56B2A3CA0F80013807F /* _SwiftUINavigationState */,
				6168B4FA2A404501006E29A7 /* FlowStacks */,
			);
			productName = hacking;
			productReference = 618199902A33E65800A42924 /* hacking.app */;
			productType = "com.apple.product-type.application";
		};
		6181999F2A33E65C00A42924 /* hackingTests */ = {
			isa = PBXNativeTarget;
			buildConfigurationList = 618199B72A33E65C00A42924 /* Build configuration list for PBXNativeTarget "hackingTests" */;
			buildPhases = (
				6181999C2A33E65C00A42924 /* Sources */,
				6181999D2A33E65C00A42924 /* Frameworks */,
				6181999E2A33E65C00A42924 /* Resources */,
			);
			buildRules = (
			);
			dependencies = (
				618199A22A33E65C00A42924 /* PBXTargetDependency */,
			);
			name = hackingTests;
			productName = hackingTests;
			productReference = 618199A02A33E65C00A42924 /* hackingTests.xctest */;
			productType = "com.apple.product-type.bundle.unit-test";
		};
		618199A92A33E65C00A42924 /* hackingUITests */ = {
			isa = PBXNativeTarget;
			buildConfigurationList = 618199BA2A33E65C00A42924 /* Build configuration list for PBXNativeTarget "hackingUITests" */;
			buildPhases = (
				618199A62A33E65C00A42924 /* Sources */,
				618199A72A33E65C00A42924 /* Frameworks */,
				618199A82A33E65C00A42924 /* Resources */,
			);
			buildRules = (
			);
			dependencies = (
				618199AC2A33E65C00A42924 /* PBXTargetDependency */,
			);
			name = hackingUITests;
			productName = hackingUITests;
			productReference = 618199AA2A33E65C00A42924 /* hackingUITests.xctest */;
			productType = "com.apple.product-type.bundle.ui-testing";
		};
/* End PBXNativeTarget section */

/* Begin PBXProject section */
		618199882A33E65800A42924 /* Project object */ = {
			isa = PBXProject;
			attributes = {
				BuildIndependentTargetsInParallel = 1;
				LastSwiftUpdateCheck = 1420;
				LastUpgradeCheck = 1420;
				TargetAttributes = {
					6181998F2A33E65800A42924 = {
						CreatedOnToolsVersion = 14.2;
					};
					6181999F2A33E65C00A42924 = {
						CreatedOnToolsVersion = 14.2;
						TestTargetID = 6181998F2A33E65800A42924;
					};
					618199A92A33E65C00A42924 = {
						CreatedOnToolsVersion = 14.2;
						TestTargetID = 6181998F2A33E65800A42924;
					};
				};
			};
			buildConfigurationList = 6181998B2A33E65800A42924 /* Build configuration list for PBXProject "hacking" */;
			compatibilityVersion = "Xcode 14.0";
			developmentRegion = en;
			hasScannedForEncodings = 0;
			knownRegions = (
				en,
				Base,
			);
			mainGroup = 618199872A33E65800A42924;
			packageReferences = (
				616BB5682A3CA0F80013807F /* XCRemoteSwiftPackageReference "swiftui-navigation" */,
				6168B4F92A404501006E29A7 /* XCRemoteSwiftPackageReference "FlowStacks" */,
			);
			productRefGroup = 618199912A33E65800A42924 /* Products */;
			projectDirPath = "";
			projectRoot = "";
			targets = (
				6181998F2A33E65800A42924 /* hacking */,
				6181999F2A33E65C00A42924 /* hackingTests */,
				618199A92A33E65C00A42924 /* hackingUITests */,
			);
		};
/* End PBXProject section */

/* Begin PBXResourcesBuildPhase section */
		6181998E2A33E65800A42924 /* Resources */ = {
			isa = PBXResourcesBuildPhase;
			buildActionMask = 2147483647;
			files = (
				6181999B2A33E65B00A42924 /* Preview Assets.xcassets in Resources */,
				618199982A33E65B00A42924 /* Assets.xcassets in Resources */,
			);
			runOnlyForDeploymentPostprocessing = 0;
		};
		6181999E2A33E65C00A42924 /* Resources */ = {
			isa = PBXResourcesBuildPhase;
			buildActionMask = 2147483647;
			files = (
			);
			runOnlyForDeploymentPostprocessing = 0;
		};
		618199A82A33E65C00A42924 /* Resources */ = {
			isa = PBXResourcesBuildPhase;
			buildActionMask = 2147483647;
			files = (
			);
			runOnlyForDeploymentPostprocessing = 0;
		};
/* End PBXResourcesBuildPhase section */

/* Begin PBXShellScriptBuildPhase section */
		065B88CF23A1991186DD9C2A /* [CP] Check Pods Manifest.lock */ = {
			isa = PBXShellScriptBuildPhase;
			buildActionMask = 2147483647;
			files = (
			);
			inputFileListPaths = (
			);
			inputPaths = (
				"${PODS_PODFILE_DIR_PATH}/Podfile.lock",
				"${PODS_ROOT}/Manifest.lock",
			);
			name = "[CP] Check Pods Manifest.lock";
			outputFileListPaths = (
			);
			outputPaths = (
				"$(DERIVED_FILE_DIR)/Pods-hacking-checkManifestLockResult.txt",
			);
			runOnlyForDeploymentPostprocessing = 0;
			shellPath = /bin/sh;
			shellScript = "diff \"${PODS_PODFILE_DIR_PATH}/Podfile.lock\" \"${PODS_ROOT}/Manifest.lock\" > /dev/null\nif [ $? != 0 ] ; then\n    # print error to STDERR\n    echo \"error: The sandbox is not in sync with the Podfile.lock. Run 'pod install' or update your CocoaPods installation.\" >&2\n    exit 1\nfi\n# This output is used by Xcode 'outputs' to avoid re-running this script phase.\necho \"SUCCESS\" > \"${SCRIPT_OUTPUT_FILE_0}\"\n";
			showEnvVarsInLog = 0;
		};
		93E954F8CC1CF37449C9085A /* [CP] Embed Pods Frameworks */ = {
			isa = PBXShellScriptBuildPhase;
			buildActionMask = 2147483647;
			files = (
			);
			inputFileListPaths = (
				"${PODS_ROOT}/Target Support Files/Pods-hacking/Pods-hacking-frameworks-${CONFIGURATION}-input-files.xcfilelist",
			);
			name = "[CP] Embed Pods Frameworks";
			outputFileListPaths = (
				"${PODS_ROOT}/Target Support Files/Pods-hacking/Pods-hacking-frameworks-${CONFIGURATION}-output-files.xcfilelist",
			);
			runOnlyForDeploymentPostprocessing = 0;
			shellPath = /bin/sh;
			shellScript = "\"${PODS_ROOT}/Target Support Files/Pods-hacking/Pods-hacking-frameworks.sh\"\n";
			showEnvVarsInLog = 0;
		};
/* End PBXShellScriptBuildPhase section */

/* Begin PBXSourcesBuildPhase section */
		6181998C2A33E65800A42924 /* Sources */ = {
			isa = PBXSourcesBuildPhase;
			buildActionMask = 2147483647;
			files = (
				61C122222A44BBD0008AA02C /* NumberDetailView.swift in Sources */,
				61C122242A44BC1E008AA02C /* HomeViewModel.swift in Sources */,
				61C1221E2A44BB7B008AA02C /* HomeView.swift in Sources */,
				61C122262A44BC36008AA02C /* NumberListViewModel.swift in Sources */,
				618199962A33E65800A42924 /* ContentView.swift in Sources */,
				618199942A33E65800A42924 /* hackingApp.swift in Sources */,
				61C1222A2A44BC71008AA02C /* ContactsHelpCoordinator.swift in Sources */,
				61F94D192A4F0B06008D51FC /* ContactsHelpCoordinatorViewModel.swift in Sources */,
				61C122282A44BC48008AA02C /* NumberDetailViewModel.swift in Sources */,
				61C122202A44BBA7008AA02C /* NumberListView.swift in Sources */,
			);
			runOnlyForDeploymentPostprocessing = 0;
		};
		6181999C2A33E65C00A42924 /* Sources */ = {
			isa = PBXSourcesBuildPhase;
			buildActionMask = 2147483647;
			files = (
				618199A52A33E65C00A42924 /* hackingTests.swift in Sources */,
			);
			runOnlyForDeploymentPostprocessing = 0;
		};
		618199A62A33E65C00A42924 /* Sources */ = {
			isa = PBXSourcesBuildPhase;
			buildActionMask = 2147483647;
			files = (
				618199B12A33E65C00A42924 /* hackingUITestsLaunchTests.swift in Sources */,
				618199AF2A33E65C00A42924 /* hackingUITests.swift in Sources */,
			);
			runOnlyForDeploymentPostprocessing = 0;
		};
/* End PBXSourcesBuildPhase section */

/* Begin PBXTargetDependency section */
		618199A22A33E65C00A42924 /* PBXTargetDependency */ = {
			isa = PBXTargetDependency;
			target = 6181998F2A33E65800A42924 /* hacking */;
			targetProxy = 618199A12A33E65C00A42924 /* PBXContainerItemProxy */;
		};
		618199AC2A33E65C00A42924 /* PBXTargetDependency */ = {
			isa = PBXTargetDependency;
			target = 6181998F2A33E65800A42924 /* hacking */;
			targetProxy = 618199AB2A33E65C00A42924 /* PBXContainerItemProxy */;
		};
/* End PBXTargetDependency section */

/* Begin XCBuildConfiguration section */
		618199B22A33E65C00A42924 /* Debug */ = {
			isa = XCBuildConfiguration;
			buildSettings = {
				ALWAYS_SEARCH_USER_PATHS = NO;
				CLANG_ANALYZER_NONNULL = YES;
				CLANG_ANALYZER_NUMBER_OBJECT_CONVERSION = YES_AGGRESSIVE;
				CLANG_CXX_LANGUAGE_STANDARD = "gnu++20";
				CLANG_ENABLE_MODULES = YES;
				CLANG_ENABLE_OBJC_ARC = YES;
				CLANG_ENABLE_OBJC_WEAK = YES;
				CLANG_WARN_BLOCK_CAPTURE_AUTORELEASING = YES;
				CLANG_WARN_BOOL_CONVERSION = YES;
				CLANG_WARN_COMMA = YES;
				CLANG_WARN_CONSTANT_CONVERSION = YES;
				CLANG_WARN_DEPRECATED_OBJC_IMPLEMENTATIONS = YES;
				CLANG_WARN_DIRECT_OBJC_ISA_USAGE = YES_ERROR;
				CLANG_WARN_DOCUMENTATION_COMMENTS = YES;
				CLANG_WARN_EMPTY_BODY = YES;
				CLANG_WARN_ENUM_CONVERSION = YES;
				CLANG_WARN_INFINITE_RECURSION = YES;
				CLANG_WARN_INT_CONVERSION = YES;
				CLANG_WARN_NON_LITERAL_NULL_CONVERSION = YES;
				CLANG_WARN_OBJC_IMPLICIT_RETAIN_SELF = YES;
				CLANG_WARN_OBJC_LITERAL_CONVERSION = YES;
				CLANG_WARN_OBJC_ROOT_CLASS = YES_ERROR;
				CLANG_WARN_QUOTED_INCLUDE_IN_FRAMEWORK_HEADER = YES;
				CLANG_WARN_RANGE_LOOP_ANALYSIS = YES;
				CLANG_WARN_STRICT_PROTOTYPES = YES;
				CLANG_WARN_SUSPICIOUS_MOVE = YES;
				CLANG_WARN_UNGUARDED_AVAILABILITY = YES_AGGRESSIVE;
				CLANG_WARN_UNREACHABLE_CODE = YES;
				CLANG_WARN__DUPLICATE_METHOD_MATCH = YES;
				COPY_PHASE_STRIP = NO;
				DEBUG_INFORMATION_FORMAT = dwarf;
				ENABLE_STRICT_OBJC_MSGSEND = YES;
				ENABLE_TESTABILITY = YES;
				GCC_C_LANGUAGE_STANDARD = gnu11;
				GCC_DYNAMIC_NO_PIC = NO;
				GCC_NO_COMMON_BLOCKS = YES;
				GCC_OPTIMIZATION_LEVEL = 0;
				GCC_PREPROCESSOR_DEFINITIONS = (
					"DEBUG=1",
					"$(inherited)",
				);
				GCC_WARN_64_TO_32_BIT_CONVERSION = YES;
				GCC_WARN_ABOUT_RETURN_TYPE = YES_ERROR;
				GCC_WARN_UNDECLARED_SELECTOR = YES;
				GCC_WARN_UNINITIALIZED_AUTOS = YES_AGGRESSIVE;
				GCC_WARN_UNUSED_FUNCTION = YES;
				GCC_WARN_UNUSED_VARIABLE = YES;
				IPHONEOS_DEPLOYMENT_TARGET = 16.2;
				MTL_ENABLE_DEBUG_INFO = INCLUDE_SOURCE;
				MTL_FAST_MATH = YES;
				ONLY_ACTIVE_ARCH = YES;
				SDKROOT = iphoneos;
				SWIFT_ACTIVE_COMPILATION_CONDITIONS = DEBUG;
				SWIFT_OPTIMIZATION_LEVEL = "-Onone";
			};
			name = Debug;
		};
		618199B32A33E65C00A42924 /* Release */ = {
			isa = XCBuildConfiguration;
			buildSettings = {
				ALWAYS_SEARCH_USER_PATHS = NO;
				CLANG_ANALYZER_NONNULL = YES;
				CLANG_ANALYZER_NUMBER_OBJECT_CONVERSION = YES_AGGRESSIVE;
				CLANG_CXX_LANGUAGE_STANDARD = "gnu++20";
				CLANG_ENABLE_MODULES = YES;
				CLANG_ENABLE_OBJC_ARC = YES;
				CLANG_ENABLE_OBJC_WEAK = YES;
				CLANG_WARN_BLOCK_CAPTURE_AUTORELEASING = YES;
				CLANG_WARN_BOOL_CONVERSION = YES;
				CLANG_WARN_COMMA = YES;
				CLANG_WARN_CONSTANT_CONVERSION = YES;
				CLANG_WARN_DEPRECATED_OBJC_IMPLEMENTATIONS = YES;
				CLANG_WARN_DIRECT_OBJC_ISA_USAGE = YES_ERROR;
				CLANG_WARN_DOCUMENTATION_COMMENTS = YES;
				CLANG_WARN_EMPTY_BODY = YES;
				CLANG_WARN_ENUM_CONVERSION = YES;
				CLANG_WARN_INFINITE_RECURSION = YES;
				CLANG_WARN_INT_CONVERSION = YES;
				CLANG_WARN_NON_LITERAL_NULL_CONVERSION = YES;
				CLANG_WARN_OBJC_IMPLICIT_RETAIN_SELF = YES;
				CLANG_WARN_OBJC_LITERAL_CONVERSION = YES;
				CLANG_WARN_OBJC_ROOT_CLASS = YES_ERROR;
				CLANG_WARN_QUOTED_INCLUDE_IN_FRAMEWORK_HEADER = YES;
				CLANG_WARN_RANGE_LOOP_ANALYSIS = YES;
				CLANG_WARN_STRICT_PROTOTYPES = YES;
				CLANG_WARN_SUSPICIOUS_MOVE = YES;
				CLANG_WARN_UNGUARDED_AVAILABILITY = YES_AGGRESSIVE;
				CLANG_WARN_UNREACHABLE_CODE = YES;
				CLANG_WARN__DUPLICATE_METHOD_MATCH = YES;
				COPY_PHASE_STRIP = NO;
				DEBUG_INFORMATION_FORMAT = "dwarf-with-dsym";
				ENABLE_NS_ASSERTIONS = NO;
				ENABLE_STRICT_OBJC_MSGSEND = YES;
				GCC_C_LANGUAGE_STANDARD = gnu11;
				GCC_NO_COMMON_BLOCKS = YES;
				GCC_WARN_64_TO_32_BIT_CONVERSION = YES;
				GCC_WARN_ABOUT_RETURN_TYPE = YES_ERROR;
				GCC_WARN_UNDECLARED_SELECTOR = YES;
				GCC_WARN_UNINITIALIZED_AUTOS = YES_AGGRESSIVE;
				GCC_WARN_UNUSED_FUNCTION = YES;
				GCC_WARN_UNUSED_VARIABLE = YES;
				IPHONEOS_DEPLOYMENT_TARGET = 16.2;
				MTL_ENABLE_DEBUG_INFO = NO;
				MTL_FAST_MATH = YES;
				SDKROOT = iphoneos;
				SWIFT_COMPILATION_MODE = wholemodule;
				SWIFT_OPTIMIZATION_LEVEL = "-O";
				VALIDATE_PRODUCT = YES;
			};
			name = Release;
		};
		618199B52A33E65C00A42924 /* Debug */ = {
			isa = XCBuildConfiguration;
			baseConfigurationReference = B5F8211393083FB5EFA86FBD /* Pods-hacking.debug.xcconfig */;
			buildSettings = {
				ASSETCATALOG_COMPILER_APPICON_NAME = AppIcon;
				ASSETCATALOG_COMPILER_GLOBAL_ACCENT_COLOR_NAME = AccentColor;
				CODE_SIGN_STYLE = Automatic;
				CURRENT_PROJECT_VERSION = 1;
				DEVELOPMENT_ASSET_PATHS = "\"hacking/Preview Content\"";
				ENABLE_PREVIEWS = YES;
				GENERATE_INFOPLIST_FILE = YES;
				INFOPLIST_KEY_UIApplicationSceneManifest_Generation = YES;
				INFOPLIST_KEY_UIApplicationSupportsIndirectInputEvents = YES;
				INFOPLIST_KEY_UILaunchScreen_Generation = YES;
				INFOPLIST_KEY_UISupportedInterfaceOrientations_iPad = "UIInterfaceOrientationPortrait UIInterfaceOrientationPortraitUpsideDown UIInterfaceOrientationLandscapeLeft UIInterfaceOrientationLandscapeRight";
				INFOPLIST_KEY_UISupportedInterfaceOrientations_iPhone = "UIInterfaceOrientationPortrait UIInterfaceOrientationLandscapeLeft UIInterfaceOrientationLandscapeRight";
				IPHONEOS_DEPLOYMENT_TARGET = 15.0;
				LD_RUNPATH_SEARCH_PATHS = (
					"$(inherited)",
					"@executable_path/Frameworks",
				);
				MARKETING_VERSION = 1.0;
				PRODUCT_BUNDLE_IDENTIFIER = fgfg.hacking;
				PRODUCT_NAME = "$(TARGET_NAME)";
				SWIFT_EMIT_LOC_STRINGS = YES;
				SWIFT_VERSION = 5.0;
				TARGETED_DEVICE_FAMILY = "1,2";
			};
			name = Debug;
		};
		618199B62A33E65C00A42924 /* Release */ = {
			isa = XCBuildConfiguration;
			baseConfigurationReference = 47799DBB9D0F14B38337C080 /* Pods-hacking.release.xcconfig */;
			buildSettings = {
				ASSETCATALOG_COMPILER_APPICON_NAME = AppIcon;
				ASSETCATALOG_COMPILER_GLOBAL_ACCENT_COLOR_NAME = AccentColor;
				CODE_SIGN_STYLE = Automatic;
				CURRENT_PROJECT_VERSION = 1;
				DEVELOPMENT_ASSET_PATHS = "\"hacking/Preview Content\"";
				ENABLE_PREVIEWS = YES;
				GENERATE_INFOPLIST_FILE = YES;
				INFOPLIST_KEY_UIApplicationSceneManifest_Generation = YES;
				INFOPLIST_KEY_UIApplicationSupportsIndirectInputEvents = YES;
				INFOPLIST_KEY_UILaunchScreen_Generation = YES;
				INFOPLIST_KEY_UISupportedInterfaceOrientations_iPad = "UIInterfaceOrientationPortrait UIInterfaceOrientationPortraitUpsideDown UIInterfaceOrientationLandscapeLeft UIInterfaceOrientationLandscapeRight";
				INFOPLIST_KEY_UISupportedInterfaceOrientations_iPhone = "UIInterfaceOrientationPortrait UIInterfaceOrientationLandscapeLeft UIInterfaceOrientationLandscapeRight";
				IPHONEOS_DEPLOYMENT_TARGET = 15.0;
				LD_RUNPATH_SEARCH_PATHS = (
					"$(inherited)",
					"@executable_path/Frameworks",
				);
				MARKETING_VERSION = 1.0;
				PRODUCT_BUNDLE_IDENTIFIER = fgfg.hacking;
				PRODUCT_NAME = "$(TARGET_NAME)";
				SWIFT_EMIT_LOC_STRINGS = YES;
				SWIFT_VERSION = 5.0;
				TARGETED_DEVICE_FAMILY = "1,2";
			};
			name = Release;
		};
		618199B82A33E65C00A42924 /* Debug */ = {
			isa = XCBuildConfiguration;
			buildSettings = {
				ALWAYS_EMBED_SWIFT_STANDARD_LIBRARIES = YES;
				BUNDLE_LOADER = "$(TEST_HOST)";
				CODE_SIGN_STYLE = Automatic;
				CURRENT_PROJECT_VERSION = 1;
				GENERATE_INFOPLIST_FILE = YES;
				IPHONEOS_DEPLOYMENT_TARGET = 16.2;
				MARKETING_VERSION = 1.0;
				PRODUCT_BUNDLE_IDENTIFIER = fgfg.hackingTests;
				PRODUCT_NAME = "$(TARGET_NAME)";
				SWIFT_EMIT_LOC_STRINGS = NO;
				SWIFT_VERSION = 5.0;
				TARGETED_DEVICE_FAMILY = "1,2";
				TEST_HOST = "$(BUILT_PRODUCTS_DIR)/hacking.app/$(BUNDLE_EXECUTABLE_FOLDER_PATH)/hacking";
			};
			name = Debug;
		};
		618199B92A33E65C00A42924 /* Release */ = {
			isa = XCBuildConfiguration;
			buildSettings = {
				ALWAYS_EMBED_SWIFT_STANDARD_LIBRARIES = YES;
				BUNDLE_LOADER = "$(TEST_HOST)";
				CODE_SIGN_STYLE = Automatic;
				CURRENT_PROJECT_VERSION = 1;
				GENERATE_INFOPLIST_FILE = YES;
				IPHONEOS_DEPLOYMENT_TARGET = 16.2;
				MARKETING_VERSION = 1.0;
				PRODUCT_BUNDLE_IDENTIFIER = fgfg.hackingTests;
				PRODUCT_NAME = "$(TARGET_NAME)";
				SWIFT_EMIT_LOC_STRINGS = NO;
				SWIFT_VERSION = 5.0;
				TARGETED_DEVICE_FAMILY = "1,2";
				TEST_HOST = "$(BUILT_PRODUCTS_DIR)/hacking.app/$(BUNDLE_EXECUTABLE_FOLDER_PATH)/hacking";
			};
			name = Release;
		};
		618199BB2A33E65C00A42924 /* Debug */ = {
			isa = XCBuildConfiguration;
			buildSettings = {
				ALWAYS_EMBED_SWIFT_STANDARD_LIBRARIES = YES;
				CODE_SIGN_STYLE = Automatic;
				CURRENT_PROJECT_VERSION = 1;
				GENERATE_INFOPLIST_FILE = YES;
				MARKETING_VERSION = 1.0;
				PRODUCT_BUNDLE_IDENTIFIER = fgfg.hackingUITests;
				PRODUCT_NAME = "$(TARGET_NAME)";
				SWIFT_EMIT_LOC_STRINGS = NO;
				SWIFT_VERSION = 5.0;
				TARGETED_DEVICE_FAMILY = "1,2";
				TEST_TARGET_NAME = hacking;
			};
			name = Debug;
		};
		618199BC2A33E65C00A42924 /* Release */ = {
			isa = XCBuildConfiguration;
			buildSettings = {
				ALWAYS_EMBED_SWIFT_STANDARD_LIBRARIES = YES;
				CODE_SIGN_STYLE = Automatic;
				CURRENT_PROJECT_VERSION = 1;
				GENERATE_INFOPLIST_FILE = YES;
				MARKETING_VERSION = 1.0;
				PRODUCT_BUNDLE_IDENTIFIER = fgfg.hackingUITests;
				PRODUCT_NAME = "$(TARGET_NAME)";
				SWIFT_EMIT_LOC_STRINGS = NO;
				SWIFT_VERSION = 5.0;
				TARGETED_DEVICE_FAMILY = "1,2";
				TEST_TARGET_NAME = hacking;
			};
			name = Release;
		};
/* End XCBuildConfiguration section */

/* Begin XCConfigurationList section */
		6181998B2A33E65800A42924 /* Build configuration list for PBXProject "hacking" */ = {
			isa = XCConfigurationList;
			buildConfigurations = (
				618199B22A33E65C00A42924 /* Debug */,
				618199B32A33E65C00A42924 /* Release */,
			);
			defaultConfigurationIsVisible = 0;
			defaultConfigurationName = Release;
		};
		618199B42A33E65C00A42924 /* Build configuration list for PBXNativeTarget "hacking" */ = {
			isa = XCConfigurationList;
			buildConfigurations = (
				618199B52A33E65C00A42924 /* Debug */,
				618199B62A33E65C00A42924 /* Release */,
			);
			defaultConfigurationIsVisible = 0;
			defaultConfigurationName = Release;
		};
		618199B72A33E65C00A42924 /* Build configuration list for PBXNativeTarget "hackingTests" */ = {
			isa = XCConfigurationList;
			buildConfigurations = (
				618199B82A33E65C00A42924 /* Debug */,
				618199B92A33E65C00A42924 /* Release */,
			);
			defaultConfigurationIsVisible = 0;
			defaultConfigurationName = Release;
		};
		618199BA2A33E65C00A42924 /* Build configuration list for PBXNativeTarget "hackingUITests" */ = {
			isa = XCConfigurationList;
			buildConfigurations = (
				618199BB2A33E65C00A42924 /* Debug */,
				618199BC2A33E65C00A42924 /* Release */,
			);
			defaultConfigurationIsVisible = 0;
			defaultConfigurationName = Release;
		};
/* End XCConfigurationList section */

/* Begin XCRemoteSwiftPackageReference section */
		6168B4F92A404501006E29A7 /* XCRemoteSwiftPackageReference "FlowStacks" */ = {
			isa = XCRemoteSwiftPackageReference;
			repositoryURL = "https://github.com/johnpatrickmorgan/FlowStacks.git";
			requirement = {
				kind = upToNextMajorVersion;
				minimumVersion = 0.3.4;
			};
		};
		616BB5682A3CA0F80013807F /* XCRemoteSwiftPackageReference "swiftui-navigation" */ = {
			isa = XCRemoteSwiftPackageReference;
			repositoryURL = "https://github.com/pointfreeco/swiftui-navigation";
			requirement = {
				kind = upToNextMajorVersion;
				minimumVersion = 0.7.2;
			};
		};
/* End XCRemoteSwiftPackageReference section */

/* Begin XCSwiftPackageProductDependency section */
		6168B4FA2A404501006E29A7 /* FlowStacks */ = {
			isa = XCSwiftPackageProductDependency;
			package = 6168B4F92A404501006E29A7 /* XCRemoteSwiftPackageReference "FlowStacks" */;
			productName = FlowStacks;
		};
		616BB5692A3CA0F80013807F /* SwiftUINavigation */ = {
			isa = XCSwiftPackageProductDependency;
			package = 616BB5682A3CA0F80013807F /* XCRemoteSwiftPackageReference "swiftui-navigation" */;
			productName = SwiftUINavigation;
		};
		616BB56B2A3CA0F80013807F /* _SwiftUINavigationState */ = {
			isa = XCSwiftPackageProductDependency;
			package = 616BB5682A3CA0F80013807F /* XCRemoteSwiftPackageReference "swiftui-navigation" */;
			productName = _SwiftUINavigationState;
		};
/* End XCSwiftPackageProductDependency section */
	};
	rootObject = 618199882A33E65800A42924 /* Project object */;
}
